
Microsoft Visual Studio Solution File, Format Version 12.00
# Visual Studio Version 17
VisualStudioVersion = 17.0.31903.59
MinimumVisualStudioVersion = 10.0.40219.1
Project("{2150E333-8FDC-42A3-9474-1A3956D46DE8}") = "Api", "Api", "{D82C56D6-B2CD-F611-9E31-04638F7EC30E}"
EndProject
Project("{FAE04EC0-301F-11D3-BF4B-00C04F79EFBC}") = "SmartHome.Api", "Api\SmartHome.Api\SmartHome.Api.csproj", "{81FDF866-C5D7-4F60-B9C0-AF0505F66447}"
EndProject
Project("{FAE04EC0-301F-11D3-BF4B-00C04F79EFBC}") = "SmartHome.Api.UnitTests", "Api\SmartHome.Api.UnitTests\SmartHome.Api.UnitTests.csproj", "{B164341D-E7D7-4600-BF7E-6C7DE96F6CA9}"
EndProject
Project("{2150E333-8FDC-42A3-9474-1A3956D46DE8}") = "Slices", "Slices", "{08D93BE4-09E3-D94B-C277-F3C1CF4F8C38}"
EndProject
Project("{2150E333-8FDC-42A3-9474-1A3956D46DE8}") = "Devices", "Devices", "{55106D9C-E7F5-0BAC-858C-4563C8E79A9B}"
EndProject
Project("{2150E333-8FDC-42A3-9474-1A3956D46DE8}") = "Services", "Services", "{F70A5D6B-63E3-1161-6A97-DED681747628}"
EndProject
Project("{FAE04EC0-301F-11D3-BF4B-00C04F79EFBC}") = "SmartHome.Slices.Devices.Services", "Slices\Devices\Services\SmartHome.Slices.Devices.Services\SmartHome.Slices.Devices.Services.csproj", "{311F8343-F325-46B8-B9B5-ED7816B3ED69}"
EndProject
Project("{2150E333-8FDC-42A3-9474-1A3956D46DE8}") = "Repository", "Repository", "{CBE21EF1-D3D9-0A04-8EAF-0AF082699708}"
EndProject
Project("{FAE04EC0-301F-11D3-BF4B-00C04F79EFBC}") = "SmartHome.Slices.Devices.Repository", "Slices\Devices\Repository\SmartHome.Slices.Devices.Repository\SmartHome.Slices.Devices.Repository.csproj", "{EBE2C9B4-3557-4B5F-932F-A61EA3C063A9}"
EndProject
Project("{2150E333-8FDC-42A3-9474-1A3956D46DE8}") = "UnitTests", "UnitTests", "{784D3BFA-D074-B31D-0478-C8F9AFF8D9A9}"
EndProject
Project("{FAE04EC0-301F-11D3-BF4B-00C04F79EFBC}") = "SmartHome.Slices.Devices.UnitTests", "Slices\Devices\UnitTests\SmartHome.Slices.Devices.UnitTests\SmartHome.Slices.Devices.UnitTests.csproj", "{A2D44C30-A62C-426C-8AF1-FC0DEEA73961}"
EndProject
Project("{2150E333-8FDC-42A3-9474-1A3956D46DE8}") = "Shared", "Shared", "{4F52FD11-658E-A102-6CD3-7D7C16FFA15B}"
EndProject
Project("{FAE04EC0-301F-11D3-BF4B-00C04F79EFBC}") = "SmartHome.Shared", "Shared\SmartHome.Shared\SmartHome.Shared.csproj", "{63E4EE2C-28A6-49BB-AC6A-72B3278F2CF5}"
EndProject
Project("{FAE04EC0-301F-11D3-BF4B-00C04F79EFBC}") = "SmartHome.Shared.UnitTests", "Shared\SmartHome.Shared.UnitTests\SmartHome.Shared.UnitTests.csproj", "{18F9FF9D-536F-47D4-BD65-2EDDC5426AC8}"
EndProject
Global
	GlobalSection(SolutionConfigurationPlatforms) = preSolution
		Debug|Any CPU = Debug|Any CPU
		Debug|x64 = Debug|x64
		Debug|x86 = Debug|x86
		Release|Any CPU = Release|Any CPU
		Release|x64 = Release|x64
		Release|x86 = Release|x86
	EndGlobalSection
	GlobalSection(ProjectConfigurationPlatforms) = postSolution
		{81FDF866-C5D7-4F60-B9C0-AF0505F66447}.Debug|Any CPU.ActiveCfg = Debug|Any CPU
		{81FDF866-C5D7-4F60-B9C0-AF0505F66447}.Debug|Any CPU.Build.0 = Debug|Any CPU
		{81FDF866-C5D7-4F60-B9C0-AF0505F66447}.Debug|x64.ActiveCfg = Debug|Any CPU
		{81FDF866-C5D7-4F60-B9C0-AF0505F66447}.Debug|x64.Build.0 = Debug|Any CPU
		{81FDF866-C5D7-4F60-B9C0-AF0505F66447}.Debug|x86.ActiveCfg = Debug|Any CPU
		{81FDF866-C5D7-4F60-B9C0-AF0505F66447}.Debug|x86.Build.0 = Debug|Any CPU
		{81FDF866-C5D7-4F60-B9C0-AF0505F66447}.Release|Any CPU.ActiveCfg = Release|Any CPU
		{81FDF866-C5D7-4F60-B9C0-AF0505F66447}.Release|Any CPU.Build.0 = Release|Any CPU
		{81FDF866-C5D7-4F60-B9C0-AF0505F66447}.Release|x64.ActiveCfg = Release|Any CPU
		{81FDF866-C5D7-4F60-B9C0-AF0505F66447}.Release|x64.Build.0 = Release|Any CPU
		{81FDF866-C5D7-4F60-B9C0-AF0505F66447}.Release|x86.ActiveCfg = Release|Any CPU
		{81FDF866-C5D7-4F60-B9C0-AF0505F66447}.Release|x86.Build.0 = Release|Any CPU
		{B164341D-E7D7-4600-BF7E-6C7DE96F6CA9}.Debug|Any CPU.ActiveCfg = Debug|Any CPU
		{B164341D-E7D7-4600-BF7E-6C7DE96F6CA9}.Debug|Any CPU.Build.0 = Debug|Any CPU
		{B164341D-E7D7-4600-BF7E-6C7DE96F6CA9}.Debug|x64.ActiveCfg = Debug|Any CPU
		{B164341D-E7D7-4600-BF7E-6C7DE96F6CA9}.Debug|x64.Build.0 = Debug|Any CPU
		{B164341D-E7D7-4600-BF7E-6C7DE96F6CA9}.Debug|x86.ActiveCfg = Debug|Any CPU
		{B164341D-E7D7-4600-BF7E-6C7DE96F6CA9}.Debug|x86.Build.0 = Debug|Any CPU
		{B164341D-E7D7-4600-BF7E-6C7DE96F6CA9}.Release|Any CPU.ActiveCfg = Release|Any CPU
		{B164341D-E7D7-4600-BF7E-6C7DE96F6CA9}.Release|Any CPU.Build.0 = Release|Any CPU
		{B164341D-E7D7-4600-BF7E-6C7DE96F6CA9}.Release|x64.ActiveCfg = Release|Any CPU
		{B164341D-E7D7-4600-BF7E-6C7DE96F6CA9}.Release|x64.Build.0 = Release|Any CPU
		{B164341D-E7D7-4600-BF7E-6C7DE96F6CA9}.Release|x86.ActiveCfg = Release|Any CPU
		{B164341D-E7D7-4600-BF7E-6C7DE96F6CA9}.Release|x86.Build.0 = Release|Any CPU
		{311F8343-F325-46B8-B9B5-ED7816B3ED69}.Debug|Any CPU.ActiveCfg = Debug|Any CPU
		{311F8343-F325-46B8-B9B5-ED7816B3ED69}.Debug|Any CPU.Build.0 = Debug|Any CPU
		{311F8343-F325-46B8-B9B5-ED7816B3ED69}.Debug|x64.ActiveCfg = Debug|Any CPU
		{311F8343-F325-46B8-B9B5-ED7816B3ED69}.Debug|x64.Build.0 = Debug|Any CPU
		{311F8343-F325-46B8-B9B5-ED7816B3ED69}.Debug|x86.ActiveCfg = Debug|Any CPU
		{311F8343-F325-46B8-B9B5-ED7816B3ED69}.Debug|x86.Build.0 = Debug|Any CPU
		{311F8343-F325-46B8-B9B5-ED7816B3ED69}.Release|Any CPU.ActiveCfg = Release|Any CPU
		{311F8343-F325-46B8-B9B5-ED7816B3ED69}.Release|Any CPU.Build.0 = Release|Any CPU
		{311F8343-F325-46B8-B9B5-ED7816B3ED69}.Release|x64.ActiveCfg = Release|Any CPU
		{311F8343-F325-46B8-B9B5-ED7816B3ED69}.Release|x64.Build.0 = Release|Any CPU
		{311F8343-F325-46B8-B9B5-ED7816B3ED69}.Release|x86.ActiveCfg = Release|Any CPU
		{311F8343-F325-46B8-B9B5-ED7816B3ED69}.Release|x86.Build.0 = Release|Any CPU
		{EBE2C9B4-3557-4B5F-932F-A61EA3C063A9}.Debug|Any CPU.ActiveCfg = Debug|Any CPU
		{EBE2C9B4-3557-4B5F-932F-A61EA3C063A9}.Debug|Any CPU.Build.0 = Debug|Any CPU
		{EBE2C9B4-3557-4B5F-932F-A61EA3C063A9}.Debug|x64.ActiveCfg = Debug|Any CPU
		{EBE2C9B4-3557-4B5F-932F-A61EA3C063A9}.Debug|x64.Build.0 = Debug|Any CPU
		{EBE2C9B4-3557-4B5F-932F-A61EA3C063A9}.Debug|x86.ActiveCfg = Debug|Any CPU
		{EBE2C9B4-3557-4B5F-932F-A61EA3C063A9}.Debug|x86.Build.0 = Debug|Any CPU
		{EBE2C9B4-3557-4B5F-932F-A61EA3C063A9}.Release|Any CPU.ActiveCfg = Release|Any CPU
		{EBE2C9B4-3557-4B5F-932F-A61EA3C063A9}.Release|Any CPU.Build.0 = Release|Any CPU
		{EBE2C9B4-3557-4B5F-932F-A61EA3C063A9}.Release|x64.ActiveCfg = Release|Any CPU
		{EBE2C9B4-3557-4B5F-932F-A61EA3C063A9}.Release|x64.Build.0 = Release|Any CPU
		{EBE2C9B4-3557-4B5F-932F-A61EA3C063A9}.Release|x86.ActiveCfg = Release|Any CPU
		{EBE2C9B4-3557-4B5F-932F-A61EA3C063A9}.Release|x86.Build.0 = Release|Any CPU
		{A2D44C30-A62C-426C-8AF1-FC0DEEA73961}.Debug|Any CPU.ActiveCfg = Debug|Any CPU
		{A2D44C30-A62C-426C-8AF1-FC0DEEA73961}.Debug|Any CPU.Build.0 = Debug|Any CPU
		{A2D44C30-A62C-426C-8AF1-FC0DEEA73961}.Debug|x64.ActiveCfg = Debug|Any CPU
		{A2D44C30-A62C-426C-8AF1-FC0DEEA73961}.Debug|x64.Build.0 = Debug|Any CPU
		{A2D44C30-A62C-426C-8AF1-FC0DEEA73961}.Debug|x86.ActiveCfg = Debug|Any CPU
		{A2D44C30-A62C-426C-8AF1-FC0DEEA73961}.Debug|x86.Build.0 = Debug|Any CPU
		{A2D44C30-A62C-426C-8AF1-FC0DEEA73961}.Release|Any CPU.ActiveCfg = Release|Any CPU
		{A2D44C30-A62C-426C-8AF1-FC0DEEA73961}.Release|Any CPU.Build.0 = Release|Any CPU
		{A2D44C30-A62C-426C-8AF1-FC0DEEA73961}.Release|x64.ActiveCfg = Release|Any CPU
		{A2D44C30-A62C-426C-8AF1-FC0DEEA73961}.Release|x64.Build.0 = Release|Any CPU
		{A2D44C30-A62C-426C-8AF1-FC0DEEA73961}.Release|x86.ActiveCfg = Release|Any CPU
		{A2D44C30-A62C-426C-8AF1-FC0DEEA73961}.Release|x86.Build.0 = Release|Any CPU
		{63E4EE2C-28A6-49BB-AC6A-72B3278F2CF5}.Debug|Any CPU.ActiveCfg = Debug|Any CPU
		{63E4EE2C-28A6-49BB-AC6A-72B3278F2CF5}.Debug|Any CPU.Build.0 = Debug|Any CPU
		{63E4EE2C-28A6-49BB-AC6A-72B3278F2CF5}.Debug|x64.ActiveCfg = Debug|Any CPU
		{63E4EE2C-28A6-49BB-AC6A-72B3278F2CF5}.Debug|x64.Build.0 = Debug|Any CPU
		{63E4EE2C-28A6-49BB-AC6A-72B3278F2CF5}.Debug|x86.ActiveCfg = Debug|Any CPU
		{63E4EE2C-28A6-49BB-AC6A-72B3278F2CF5}.Debug|x86.Build.0 = Debug|Any CPU
		{63E4EE2C-28A6-49BB-AC6A-72B3278F2CF5}.Release|Any CPU.ActiveCfg = Release|Any CPU
		{63E4EE2C-28A6-49BB-AC6A-72B3278F2CF5}.Release|Any CPU.Build.0 = Release|Any CPU
		{63E4EE2C-28A6-49BB-AC6A-72B3278F2CF5}.Release|x64.ActiveCfg = Release|Any CPU
		{63E4EE2C-28A6-49BB-AC6A-72B3278F2CF5}.Release|x64.Build.0 = Release|Any CPU
		{63E4EE2C-28A6-49BB-AC6A-72B3278F2CF5}.Release|x86.ActiveCfg = Release|Any CPU
		{63E4EE2C-28A6-49BB-AC6A-72B3278F2CF5}.Release|x86.Build.0 = Release|Any CPU
		{18F9FF9D-536F-47D4-BD65-2EDDC5426AC8}.Debug|Any CPU.ActiveCfg = Debug|Any CPU
		{18F9FF9D-536F-47D4-BD65-2EDDC5426AC8}.Debug|Any CPU.Build.0 = Debug|Any CPU
		{18F9FF9D-536F-47D4-BD65-2EDDC5426AC8}.Debug|x64.ActiveCfg = Debug|Any CPU
		{18F9FF9D-536F-47D4-BD65-2EDDC5426AC8}.Debug|x64.Build.0 = Debug|Any CPU
		{18F9FF9D-536F-47D4-BD65-2EDDC5426AC8}.Debug|x86.ActiveCfg = Debug|Any CPU
		{18F9FF9D-536F-47D4-BD65-2EDDC5426AC8}.Debug|x86.Build.0 = Debug|Any CPU
		{18F9FF9D-536F-47D4-BD65-2EDDC5426AC8}.Release|Any CPU.ActiveCfg = Release|Any CPU
		{18F9FF9D-536F-47D4-BD65-2EDDC5426AC8}.Release|Any CPU.Build.0 = Release|Any CPU
		{18F9FF9D-536F-47D4-BD65-2EDDC5426AC8}.Release|x64.ActiveCfg = Release|Any CPU
		{18F9FF9D-536F-47D4-BD65-2EDDC5426AC8}.Release|x64.Build.0 = Release|Any CPU
		{18F9FF9D-536F-47D4-BD65-2EDDC5426AC8}.Release|x86.ActiveCfg = Release|Any CPU
		{18F9FF9D-536F-47D4-BD65-2EDDC5426AC8}.Release|x86.Build.0 = Release|Any CPU
	EndGlobalSection
	GlobalSection(SolutionProperties) = preSolution
		HideSolutionNode = FALSE
	EndGlobalSection
	GlobalSection(NestedProjects) = preSolution
		{81FDF866-C5D7-4F60-B9C0-AF0505F66447} = {D82C56D6-B2CD-F611-9E31-04638F7EC30E}
		{B164341D-E7D7-4600-BF7E-6C7DE96F6CA9} = {D82C56D6-B2CD-F611-9E31-04638F7EC30E}
		{55106D9C-E7F5-0BAC-858C-4563C8E79A9B} = {08D93BE4-09E3-D94B-C277-F3C1CF4F8C38}
		{F70A5D6B-63E3-1161-6A97-DED681747628} = {55106D9C-E7F5-0BAC-858C-4563C8E79A9B}
		{311F8343-F325-46B8-B9B5-ED7816B3ED69} = {F70A5D6B-63E3-1161-6A97-DED681747628}
		{CBE21EF1-D3D9-0A04-8EAF-0AF082699708} = {55106D9C-E7F5-0BAC-858C-4563C8E79A9B}
		{EBE2C9B4-3557-4B5F-932F-A61EA3C063A9} = {CBE21EF1-D3D9-0A04-8EAF-0AF082699708}
		{784D3BFA-D074-B31D-0478-C8F9AFF8D9A9} = {55106D9C-E7F5-0BAC-858C-4563C8E79A9B}
		{A2D44C30-A62C-426C-8AF1-FC0DEEA73961} = {784D3BFA-D074-B31D-0478-C8F9AFF8D9A9}
		{63E4EE2C-28A6-49BB-AC6A-72B3278F2CF5} = {4F52FD11-658E-A102-6CD3-7D7C16FFA15B}
		{18F9FF9D-536F-47D4-BD65-2EDDC5426AC8} = {4F52FD11-658E-A102-6CD3-7D7C16FFA15B}
	EndGlobalSection
	GlobalSection(ExtensibilityGlobals) = postSolution
		SolutionGuid = {BC837775-981F-4BE2-B33D-A4EBA328111F}
	EndGlobalSection
EndGlobal
